
Microsoft Visual Studio Solution File, Format Version 12.00
# Visual Studio Version 17
VisualStudioVersion = 17.2.32616.157
MinimumVisualStudioVersion = 10.0.40219.1
Project("{9A19103F-16F7-4668-BE54-9A1E7A4F7556}") = "HonestMarket.Web", "HonestMarket.Web\HonestMarket.Web.csproj", "{B675B63E-C2CB-4760-8118-D49C1DCB2B62}"
EndProject
Project("{2150E333-8FDC-42A3-9474-1A3956D46DE8}") = "1 - Presentation", "1 - Presentation", "{C4E327FE-EFC8-4B3A-B207-8BEA7CA562E5}"
EndProject
Project("{2150E333-8FDC-42A3-9474-1A3956D46DE8}") = "2 - Application", "2 - Application", "{FBB7E572-5535-43FB-BDCA-21C51DF6730F}"
EndProject
Project("{2150E333-8FDC-42A3-9474-1A3956D46DE8}") = "3 - Domain", "3 - Domain", "{D196DC98-1F02-4689-A23F-DE1CF6601DB6}"
EndProject
Project("{2150E333-8FDC-42A3-9474-1A3956D46DE8}") = "4 - Infrastructure", "4 - Infrastructure", "{EB39BC79-0DD5-4063-B28E-2EB762EE0529}"
EndProject
Project("{2150E333-8FDC-42A3-9474-1A3956D46DE8}") = "5 - CrossCutting", "5 - CrossCutting", "{0B78544D-9854-4996-9D15-F96C9FD02337}"
EndProject
Project("{9A19103F-16F7-4668-BE54-9A1E7A4F7556}") = "HonestMarket.Application", "HonestMarket.Application\HonestMarket.Application.csproj", "{1E58DE2D-36E9-4525-9D26-6565450FE146}"
EndProject
Project("{9A19103F-16F7-4668-BE54-9A1E7A4F7556}") = "HonestMarket.Domain", "HonestMarket.Domain\HonestMarket.Domain.csproj", "{4F5582EB-E809-47B7-86E1-4D56E933B992}"
EndProject
Project("{9A19103F-16F7-4668-BE54-9A1E7A4F7556}") = "HonestMarket.Domain.Core", "HonestMarket.Core\HonestMarket.Domain.Core.csproj", "{B0C5C472-B06A-488B-A671-1B1F8FD33B79}"
EndProject
Project("{9A19103F-16F7-4668-BE54-9A1E7A4F7556}") = "HonestMarket.Domain.Services", "HonestMarket.Domain.Services\HonestMarket.Domain.Services.csproj", "{C90993E7-5E2B-4C3E-9A37-B554794D53DF}"
EndProject
Project("{9A19103F-16F7-4668-BE54-9A1E7A4F7556}") = "HonestMarket.Infra.Data", "HonestMarket.Infra.Data\HonestMarket.Infra.Data.csproj", "{40B06E7D-16E7-421E-A526-AE0B4F63BDFA}"
EndProject
Project("{9A19103F-16F7-4668-BE54-9A1E7A4F7556}") = "HonestMarket.CrossCutting.IOC", "HonestMarket.CrossCutting.IOC\HonestMarket.CrossCutting.IOC.csproj", "{187D3E56-BF6D-4A39-A6EA-323DEE172B98}"
EndProject
Project("{2150E333-8FDC-42A3-9474-1A3956D46DE8}") = "src", "src", "{359C9BE0-E8E6-47FA-AFA5-D9E49BA26F74}"
EndProject
Project("{FAE04EC0-301F-11D3-BF4B-00C04F79EFBC}") = "HonestMarket.Api", "HonestMarket.Api\HonestMarket.Api.csproj", "{1DECE507-B9C8-4585-A0B8-54346BB6937C}"
EndProject
Global
	GlobalSection(SolutionConfigurationPlatforms) = preSolution
		Debug|Any CPU = Debug|Any CPU
		Release|Any CPU = Release|Any CPU
	EndGlobalSection
	GlobalSection(ProjectConfigurationPlatforms) = postSolution
		{B675B63E-C2CB-4760-8118-D49C1DCB2B62}.Debug|Any CPU.ActiveCfg = Debug|Any CPU
		{B675B63E-C2CB-4760-8118-D49C1DCB2B62}.Debug|Any CPU.Build.0 = Debug|Any CPU
		{B675B63E-C2CB-4760-8118-D49C1DCB2B62}.Release|Any CPU.ActiveCfg = Release|Any CPU
		{B675B63E-C2CB-4760-8118-D49C1DCB2B62}.Release|Any CPU.Build.0 = Release|Any CPU
		{1E58DE2D-36E9-4525-9D26-6565450FE146}.Debug|Any CPU.ActiveCfg = Debug|Any CPU
		{1E58DE2D-36E9-4525-9D26-6565450FE146}.Debug|Any CPU.Build.0 = Debug|Any CPU
		{1E58DE2D-36E9-4525-9D26-6565450FE146}.Release|Any CPU.ActiveCfg = Release|Any CPU
		{1E58DE2D-36E9-4525-9D26-6565450FE146}.Release|Any CPU.Build.0 = Release|Any CPU
		{4F5582EB-E809-47B7-86E1-4D56E933B992}.Debug|Any CPU.ActiveCfg = Debug|Any CPU
		{4F5582EB-E809-47B7-86E1-4D56E933B992}.Debug|Any CPU.Build.0 = Debug|Any CPU
		{4F5582EB-E809-47B7-86E1-4D56E933B992}.Release|Any CPU.ActiveCfg = Release|Any CPU
		{4F5582EB-E809-47B7-86E1-4D56E933B992}.Release|Any CPU.Build.0 = Release|Any CPU
		{B0C5C472-B06A-488B-A671-1B1F8FD33B79}.Debug|Any CPU.ActiveCfg = Debug|Any CPU
		{B0C5C472-B06A-488B-A671-1B1F8FD33B79}.Debug|Any CPU.Build.0 = Debug|Any CPU
		{B0C5C472-B06A-488B-A671-1B1F8FD33B79}.Release|Any CPU.ActiveCfg = Release|Any CPU
		{B0C5C472-B06A-488B-A671-1B1F8FD33B79}.Release|Any CPU.Build.0 = Release|Any CPU
		{C90993E7-5E2B-4C3E-9A37-B554794D53DF}.Debug|Any CPU.ActiveCfg = Debug|Any CPU
		{C90993E7-5E2B-4C3E-9A37-B554794D53DF}.Debug|Any CPU.Build.0 = Debug|Any CPU
		{C90993E7-5E2B-4C3E-9A37-B554794D53DF}.Release|Any CPU.ActiveCfg = Release|Any CPU
		{C90993E7-5E2B-4C3E-9A37-B554794D53DF}.Release|Any CPU.Build.0 = Release|Any CPU
		{40B06E7D-16E7-421E-A526-AE0B4F63BDFA}.Debug|Any CPU.ActiveCfg = Debug|Any CPU
		{40B06E7D-16E7-421E-A526-AE0B4F63BDFA}.Debug|Any CPU.Build.0 = Debug|Any CPU
		{40B06E7D-16E7-421E-A526-AE0B4F63BDFA}.Release|Any CPU.ActiveCfg = Release|Any CPU
		{40B06E7D-16E7-421E-A526-AE0B4F63BDFA}.Release|Any CPU.Build.0 = Release|Any CPU
		{187D3E56-BF6D-4A39-A6EA-323DEE172B98}.Debug|Any CPU.ActiveCfg = Debug|Any CPU
		{187D3E56-BF6D-4A39-A6EA-323DEE172B98}.Debug|Any CPU.Build.0 = Debug|Any CPU
		{187D3E56-BF6D-4A39-A6EA-323DEE172B98}.Release|Any CPU.ActiveCfg = Release|Any CPU
		{187D3E56-BF6D-4A39-A6EA-323DEE172B98}.Release|Any CPU.Build.0 = Release|Any CPU
		{1DECE507-B9C8-4585-A0B8-54346BB6937C}.Debug|Any CPU.ActiveCfg = Debug|Any CPU
		{1DECE507-B9C8-4585-A0B8-54346BB6937C}.Debug|Any CPU.Build.0 = Debug|Any CPU
		{1DECE507-B9C8-4585-A0B8-54346BB6937C}.Release|Any CPU.ActiveCfg = Release|Any CPU
		{1DECE507-B9C8-4585-A0B8-54346BB6937C}.Release|Any CPU.Build.0 = Release|Any CPU
	EndGlobalSection
	GlobalSection(SolutionProperties) = preSolution
		HideSolutionNode = FALSE
	EndGlobalSection
	GlobalSection(NestedProjects) = preSolution
		{B675B63E-C2CB-4760-8118-D49C1DCB2B62} = {C4E327FE-EFC8-4B3A-B207-8BEA7CA562E5}
		{C4E327FE-EFC8-4B3A-B207-8BEA7CA562E5} = {359C9BE0-E8E6-47FA-AFA5-D9E49BA26F74}
		{FBB7E572-5535-43FB-BDCA-21C51DF6730F} = {359C9BE0-E8E6-47FA-AFA5-D9E49BA26F74}
		{D196DC98-1F02-4689-A23F-DE1CF6601DB6} = {359C9BE0-E8E6-47FA-AFA5-D9E49BA26F74}
		{EB39BC79-0DD5-4063-B28E-2EB762EE0529} = {359C9BE0-E8E6-47FA-AFA5-D9E49BA26F74}
		{0B78544D-9854-4996-9D15-F96C9FD02337} = {359C9BE0-E8E6-47FA-AFA5-D9E49BA26F74}
		{1E58DE2D-36E9-4525-9D26-6565450FE146} = {FBB7E572-5535-43FB-BDCA-21C51DF6730F}
		{4F5582EB-E809-47B7-86E1-4D56E933B992} = {D196DC98-1F02-4689-A23F-DE1CF6601DB6}
		{B0C5C472-B06A-488B-A671-1B1F8FD33B79} = {D196DC98-1F02-4689-A23F-DE1CF6601DB6}
		{C90993E7-5E2B-4C3E-9A37-B554794D53DF} = {D196DC98-1F02-4689-A23F-DE1CF6601DB6}
		{40B06E7D-16E7-421E-A526-AE0B4F63BDFA} = {EB39BC79-0DD5-4063-B28E-2EB762EE0529}
		{187D3E56-BF6D-4A39-A6EA-323DEE172B98} = {0B78544D-9854-4996-9D15-F96C9FD02337}
		{1DECE507-B9C8-4585-A0B8-54346BB6937C} = {C4E327FE-EFC8-4B3A-B207-8BEA7CA562E5}
	EndGlobalSection
	GlobalSection(ExtensibilityGlobals) = postSolution
		SolutionGuid = {4FBC7C85-AE1E-428F-B389-6E478E1A63A8}
	EndGlobalSection
EndGlobal
